// !$*UTF8*$!
{
	archiveVersion = 1;
	classes = {
	};
	objectVersion = 46;
	objects = {

/* Begin PBXBuildFile section */
		1819A8091A136DDF005F24C3 /* AppDelegate.swift in Sources */ = {isa = PBXBuildFile; fileRef = 1819A8081A136DDF005F24C3 /* AppDelegate.swift */; };
		1819A80B1A136DDF005F24C3 /* ZDMainTabbarController.swift in Sources */ = {isa = PBXBuildFile; fileRef = 1819A80A1A136DDF005F24C3 /* ZDMainTabbarController.swift */; };
		1819A80E1A136DDF005F24C3 /* Main.storyboard in Resources */ = {isa = PBXBuildFile; fileRef = 1819A80C1A136DDF005F24C3 /* Main.storyboard */; };
		1819A8101A136DDF005F24C3 /* Images.xcassets in Resources */ = {isa = PBXBuildFile; fileRef = 1819A80F1A136DDF005F24C3 /* Images.xcassets */; };
		1819A8131A136DDF005F24C3 /* LaunchScreen.xib in Resources */ = {isa = PBXBuildFile; fileRef = 1819A8111A136DDF005F24C3 /* LaunchScreen.xib */; };
		1819A81F1A136DE0005F24C3 /* ThumbSwiftTests.swift in Sources */ = {isa = PBXBuildFile; fileRef = 1819A81E1A136DE0005F24C3 /* ThumbSwiftTests.swift */; };
		1819A84B1A136EC8005F24C3 /* MBProgressHUD.m in Sources */ = {isa = PBXBuildFile; fileRef = 1819A83F1A136EC8005F24C3 /* MBProgressHUD.m */; };
		1819A84C1A136EC8005F24C3 /* NSString+Tony.m in Sources */ = {isa = PBXBuildFile; fileRef = 1819A8411A136EC8005F24C3 /* NSString+Tony.m */; };
		1819A84D1A136EC8005F24C3 /* GSReachability.m in Sources */ = {isa = PBXBuildFile; fileRef = 1819A8441A136EC8005F24C3 /* GSReachability.m */; };
		1819A84E1A136EC8005F24C3 /* Reachability.m in Sources */ = {isa = PBXBuildFile; fileRef = 1819A8461A136EC8005F24C3 /* Reachability.m */; settings = {COMPILER_FLAGS = "-fno-objc-arc"; }; };
		1819A85A1A136EE4005F24C3 /* ZDNSURLSession.m in Sources */ = {isa = PBXBuildFile; fileRef = 1819A8531A136EE4005F24C3 /* ZDNSURLSession.m */; };
		1819A85B1A136EE4005F24C3 /* ZDWebService+URLString.m in Sources */ = {isa = PBXBuildFile; fileRef = 1819A8551A136EE4005F24C3 /* ZDWebService+URLString.m */; };
		1819A85C1A136EE4005F24C3 /* ZDWebService.m in Sources */ = {isa = PBXBuildFile; fileRef = 1819A8571A136EE4005F24C3 /* ZDWebService.m */; };
		1819A85D1A136EE4005F24C3 /* ZDWebserviceDataParse.m in Sources */ = {isa = PBXBuildFile; fileRef = 1819A8591A136EE4005F24C3 /* ZDWebserviceDataParse.m */; };
		1819A8631A137199005F24C3 /* Login.storyboard in Resources */ = {isa = PBXBuildFile; fileRef = 1819A8621A137199005F24C3 /* Login.storyboard */; };
		1819A8651A1371B1005F24C3 /* StoryboardOne.storyboard in Resources */ = {isa = PBXBuildFile; fileRef = 1819A8641A1371B1005F24C3 /* StoryboardOne.storyboard */; };
		1819A8671A1371BF005F24C3 /* StoryboardTwo.storyboard in Resources */ = {isa = PBXBuildFile; fileRef = 1819A8661A1371BF005F24C3 /* StoryboardTwo.storyboard */; };
		1819A8691A1371C8005F24C3 /* StoryboardThree.storyboard in Resources */ = {isa = PBXBuildFile; fileRef = 1819A8681A1371C8005F24C3 /* StoryboardThree.storyboard */; };
		1819A86B1A137B71005F24C3 /* ZDMyAccounViewController.swift in Sources */ = {isa = PBXBuildFile; fileRef = 1819A86A1A137B71005F24C3 /* ZDMyAccounViewController.swift */; };
		1819A86D1A138113005F24C3 /* ZDLoginTableViewController.swift in Sources */ = {isa = PBXBuildFile; fileRef = 1819A86C1A138113005F24C3 /* ZDLoginTableViewController.swift */; };
		183DA2451A14D81D00678E81 /* ZDAccountTableViewCell.swift in Sources */ = {isa = PBXBuildFile; fileRef = 183DA2441A14D81D00678E81 /* ZDAccountTableViewCell.swift */; };
		183DA2471A14E4A900678E81 /* ZDAccountSecurityTableViewController.swift in Sources */ = {isa = PBXBuildFile; fileRef = 183DA2461A14E4A900678E81 /* ZDAccountSecurityTableViewController.swift */; };
		18D67B281A14380100CF14A9 /* ZDOldFinancialTableViewCell.swift in Sources */ = {isa = PBXBuildFile; fileRef = 18D67B271A14380100CF14A9 /* ZDOldFinancialTableViewCell.swift */; };
		18D67B2A1A14405500CF14A9 /* ZDFinancialTableViewController.swift in Sources */ = {isa = PBXBuildFile; fileRef = 18D67B291A14405500CF14A9 /* ZDFinancialTableViewController.swift */; };
		18D67B2C1A144B5400CF14A9 /* ZDFinancialStore.swift in Sources */ = {isa = PBXBuildFile; fileRef = 18D67B2B1A144B5400CF14A9 /* ZDFinancialStore.swift */; };
		18D67B2E1A1453A900CF14A9 /* ZDNewFinancialTableViewCell.swift in Sources */ = {isa = PBXBuildFile; fileRef = 18D67B2D1A1453A900CF14A9 /* ZDNewFinancialTableViewCell.swift */; };
		18D67B301A146BE900CF14A9 /* ZDOldFinancialItem.swift in Sources */ = {isa = PBXBuildFile; fileRef = 18D67B2F1A146BE900CF14A9 /* ZDOldFinancialItem.swift */; };
		18D67B321A14767000CF14A9 /* ZDSelectionViewController.swift in Sources */ = {isa = PBXBuildFile; fileRef = 18D67B311A14767000CF14A9 /* ZDSelectionViewController.swift */; };
/* End PBXBuildFile section */

/* Begin PBXContainerItemProxy section */
		1819A8191A136DDF005F24C3 /* PBXContainerItemProxy */ = {
			isa = PBXContainerItemProxy;
			containerPortal = 1819A7FB1A136DDF005F24C3 /* Project object */;
			proxyType = 1;
			remoteGlobalIDString = 1819A8021A136DDF005F24C3;
			remoteInfo = ThumbSwift;
		};
/* End PBXContainerItemProxy section */

/* Begin PBXFileReference section */
		1819A8031A136DDF005F24C3 /* ThumbSwift.app */ = {isa = PBXFileReference; explicitFileType = wrapper.application; includeInIndex = 0; path = ThumbSwift.app; sourceTree = BUILT_PRODUCTS_DIR; };
		1819A8071A136DDF005F24C3 /* Info.plist */ = {isa = PBXFileReference; lastKnownFileType = text.plist.xml; path = Info.plist; sourceTree = "<group>"; };
		1819A8081A136DDF005F24C3 /* AppDelegate.swift */ = {isa = PBXFileReference; lastKnownFileType = sourcecode.swift; path = AppDelegate.swift; sourceTree = "<group>"; };
		1819A80A1A136DDF005F24C3 /* ZDMainTabbarController.swift */ = {isa = PBXFileReference; lastKnownFileType = sourcecode.swift; path = ZDMainTabbarController.swift; sourceTree = "<group>"; };
		1819A80D1A136DDF005F24C3 /* Base */ = {isa = PBXFileReference; lastKnownFileType = file.storyboard; name = Base; path = Base.lproj/Main.storyboard; sourceTree = "<group>"; };
		1819A80F1A136DDF005F24C3 /* Images.xcassets */ = {isa = PBXFileReference; lastKnownFileType = folder.assetcatalog; path = Images.xcassets; sourceTree = "<group>"; };
		1819A8121A136DDF005F24C3 /* Base */ = {isa = PBXFileReference; lastKnownFileType = file.xib; name = Base; path = Base.lproj/LaunchScreen.xib; sourceTree = "<group>"; };
		1819A8181A136DDF005F24C3 /* ThumbSwiftTests.xctest */ = {isa = PBXFileReference; explicitFileType = wrapper.cfbundle; includeInIndex = 0; path = ThumbSwiftTests.xctest; sourceTree = BUILT_PRODUCTS_DIR; };
		1819A81D1A136DE0005F24C3 /* Info.plist */ = {isa = PBXFileReference; lastKnownFileType = text.plist.xml; path = Info.plist; sourceTree = "<group>"; };
		1819A81E1A136DE0005F24C3 /* ThumbSwiftTests.swift */ = {isa = PBXFileReference; lastKnownFileType = sourcecode.swift; path = ThumbSwiftTests.swift; sourceTree = "<group>"; };
		1819A8281A136DEE005F24C3 /* ThumbSwift-Bridging-Header.h */ = {isa = PBXFileReference; lastKnownFileType = sourcecode.c.h; path = "ThumbSwift-Bridging-Header.h"; sourceTree = "<group>"; };
		1819A83C1A136EC8005F24C3 /* AllCustomerCategoryHeaders.h */ = {isa = PBXFileReference; fileEncoding = 4; lastKnownFileType = sourcecode.c.h; path = AllCustomerCategoryHeaders.h; sourceTree = "<group>"; };
		1819A83E1A136EC8005F24C3 /* MBProgressHUD.h */ = {isa = PBXFileReference; fileEncoding = 4; lastKnownFileType = sourcecode.c.h; path = MBProgressHUD.h; sourceTree = "<group>"; };
		1819A83F1A136EC8005F24C3 /* MBProgressHUD.m */ = {isa = PBXFileReference; fileEncoding = 4; lastKnownFileType = sourcecode.c.objc; path = MBProgressHUD.m; sourceTree = "<group>"; };
		1819A8401A136EC8005F24C3 /* NSString+Tony.h */ = {isa = PBXFileReference; fileEncoding = 4; lastKnownFileType = sourcecode.c.h; path = "NSString+Tony.h"; sourceTree = "<group>"; };
		1819A8411A136EC8005F24C3 /* NSString+Tony.m */ = {isa = PBXFileReference; fileEncoding = 4; lastKnownFileType = sourcecode.c.objc; path = "NSString+Tony.m"; sourceTree = "<group>"; };
		1819A8431A136EC8005F24C3 /* GSReachability.h */ = {isa = PBXFileReference; fileEncoding = 4; lastKnownFileType = sourcecode.c.h; path = GSReachability.h; sourceTree = "<group>"; };
		1819A8441A136EC8005F24C3 /* GSReachability.m */ = {isa = PBXFileReference; fileEncoding = 4; lastKnownFileType = sourcecode.c.objc; path = GSReachability.m; sourceTree = "<group>"; };
		1819A8451A136EC8005F24C3 /* Reachability.h */ = {isa = PBXFileReference; fileEncoding = 4; lastKnownFileType = sourcecode.c.h; path = Reachability.h; sourceTree = "<group>"; };
		1819A8461A136EC8005F24C3 /* Reachability.m */ = {isa = PBXFileReference; fileEncoding = 4; lastKnownFileType = sourcecode.c.objc; path = Reachability.m; sourceTree = "<group>"; };
		1819A8521A136EE4005F24C3 /* ZDNSURLSession.h */ = {isa = PBXFileReference; fileEncoding = 4; lastKnownFileType = sourcecode.c.h; path = ZDNSURLSession.h; sourceTree = "<group>"; };
		1819A8531A136EE4005F24C3 /* ZDNSURLSession.m */ = {isa = PBXFileReference; fileEncoding = 4; lastKnownFileType = sourcecode.c.objc; path = ZDNSURLSession.m; sourceTree = "<group>"; };
		1819A8541A136EE4005F24C3 /* ZDWebService+URLString.h */ = {isa = PBXFileReference; fileEncoding = 4; lastKnownFileType = sourcecode.c.h; path = "ZDWebService+URLString.h"; sourceTree = "<group>"; };
		1819A8551A136EE4005F24C3 /* ZDWebService+URLString.m */ = {isa = PBXFileReference; fileEncoding = 4; lastKnownFileType = sourcecode.c.objc; path = "ZDWebService+URLString.m"; sourceTree = "<group>"; };
		1819A8561A136EE4005F24C3 /* ZDWebService.h */ = {isa = PBXFileReference; fileEncoding = 4; lastKnownFileType = sourcecode.c.h; path = ZDWebService.h; sourceTree = "<group>"; };
		1819A8571A136EE4005F24C3 /* ZDWebService.m */ = {isa = PBXFileReference; fileEncoding = 4; lastKnownFileType = sourcecode.c.objc; path = ZDWebService.m; sourceTree = "<group>"; };
		1819A8581A136EE4005F24C3 /* ZDWebserviceDataParse.h */ = {isa = PBXFileReference; fileEncoding = 4; lastKnownFileType = sourcecode.c.h; path = ZDWebserviceDataParse.h; sourceTree = "<group>"; };
		1819A8591A136EE4005F24C3 /* ZDWebserviceDataParse.m */ = {isa = PBXFileReference; fileEncoding = 4; lastKnownFileType = sourcecode.c.objc; path = ZDWebserviceDataParse.m; sourceTree = "<group>"; };
		1819A8621A137199005F24C3 /* Login.storyboard */ = {isa = PBXFileReference; fileEncoding = 4; lastKnownFileType = file.storyboard; path = Login.storyboard; sourceTree = "<group>"; };
		1819A8641A1371B1005F24C3 /* StoryboardOne.storyboard */ = {isa = PBXFileReference; fileEncoding = 4; lastKnownFileType = file.storyboard; path = StoryboardOne.storyboard; sourceTree = "<group>"; };
		1819A8661A1371BF005F24C3 /* StoryboardTwo.storyboard */ = {isa = PBXFileReference; fileEncoding = 4; lastKnownFileType = file.storyboard; path = StoryboardTwo.storyboard; sourceTree = "<group>"; };
		1819A8681A1371C8005F24C3 /* StoryboardThree.storyboard */ = {isa = PBXFileReference; fileEncoding = 4; lastKnownFileType = file.storyboard; path = StoryboardThree.storyboard; sourceTree = "<group>"; };
		1819A86A1A137B71005F24C3 /* ZDMyAccounViewController.swift */ = {isa = PBXFileReference; fileEncoding = 4; lastKnownFileType = sourcecode.swift; path = ZDMyAccounViewController.swift; sourceTree = "<group>"; };
		1819A86C1A138113005F24C3 /* ZDLoginTableViewController.swift */ = {isa = PBXFileReference; fileEncoding = 4; lastKnownFileType = sourcecode.swift; path = ZDLoginTableViewController.swift; sourceTree = "<group>"; };
		183DA2441A14D81D00678E81 /* ZDAccountTableViewCell.swift */ = {isa = PBXFileReference; fileEncoding = 4; lastKnownFileType = sourcecode.swift; path = ZDAccountTableViewCell.swift; sourceTree = "<group>"; };
		183DA2461A14E4A900678E81 /* ZDAccountSecurityTableViewController.swift */ = {isa = PBXFileReference; fileEncoding = 4; lastKnownFileType = sourcecode.swift; path = ZDAccountSecurityTableViewController.swift; sourceTree = "<group>"; };
		18D67B271A14380100CF14A9 /* ZDOldFinancialTableViewCell.swift */ = {isa = PBXFileReference; fileEncoding = 4; lastKnownFileType = sourcecode.swift; path = ZDOldFinancialTableViewCell.swift; sourceTree = "<group>"; };
		18D67B291A14405500CF14A9 /* ZDFinancialTableViewController.swift */ = {isa = PBXFileReference; fileEncoding = 4; lastKnownFileType = sourcecode.swift; path = ZDFinancialTableViewController.swift; sourceTree = "<group>"; };
		18D67B2B1A144B5400CF14A9 /* ZDFinancialStore.swift */ = {isa = PBXFileReference; fileEncoding = 4; lastKnownFileType = sourcecode.swift; path = ZDFinancialStore.swift; sourceTree = "<group>"; };
		18D67B2D1A1453A900CF14A9 /* ZDNewFinancialTableViewCell.swift */ = {isa = PBXFileReference; fileEncoding = 4; lastKnownFileType = sourcecode.swift; path = ZDNewFinancialTableViewCell.swift; sourceTree = "<group>"; };
		18D67B2F1A146BE900CF14A9 /* ZDOldFinancialItem.swift */ = {isa = PBXFileReference; fileEncoding = 4; lastKnownFileType = sourcecode.swift; path = ZDOldFinancialItem.swift; sourceTree = "<group>"; };
		18D67B311A14767000CF14A9 /* ZDSelectionViewController.swift */ = {isa = PBXFileReference; fileEncoding = 4; lastKnownFileType = sourcecode.swift; path = ZDSelectionViewController.swift; sourceTree = "<group>"; };
/* End PBXFileReference section */

/* Begin PBXFrameworksBuildPhase section */
		1819A8001A136DDF005F24C3 /* Frameworks */ = {
			isa = PBXFrameworksBuildPhase;
			buildActionMask = 2147483647;
			files = (
			);
			runOnlyForDeploymentPostprocessing = 0;
		};
		1819A8151A136DDF005F24C3 /* Frameworks */ = {
			isa = PBXFrameworksBuildPhase;
			buildActionMask = 2147483647;
			files = (
			);
			runOnlyForDeploymentPostprocessing = 0;
		};
/* End PBXFrameworksBuildPhase section */

/* Begin PBXGroup section */
		1819A7FA1A136DDF005F24C3 = {
			isa = PBXGroup;
			children = (
				1819A8051A136DDF005F24C3 /* ThumbSwift */,
				1819A81B1A136DE0005F24C3 /* ThumbSwiftTests */,
				1819A8041A136DDF005F24C3 /* Products */,
			);
			sourceTree = "<group>";
		};
		1819A8041A136DDF005F24C3 /* Products */ = {
			isa = PBXGroup;
			children = (
				1819A8031A136DDF005F24C3 /* ThumbSwift.app */,
				1819A8181A136DDF005F24C3 /* ThumbSwiftTests.xctest */,
			);
			name = Products;
			sourceTree = "<group>";
		};
		1819A8051A136DDF005F24C3 /* ThumbSwift */ = {
			isa = PBXGroup;
			children = (
				1819A83A1A136EBC005F24C3 /* ObjectiveC */,
				1819A85E1A137021005F24C3 /* Financial */,
				1819A85F1A137021005F24C3 /* Login */,
				1819A8601A137021005F24C3 /* MyAccount */,
				1819A8611A137021005F24C3 /* Setting */,
				1819A8081A136DDF005F24C3 /* AppDelegate.swift */,
				1819A80A1A136DDF005F24C3 /* ZDMainTabbarController.swift */,
				1819A80C1A136DDF005F24C3 /* Main.storyboard */,
				1819A80F1A136DDF005F24C3 /* Images.xcassets */,
				1819A8111A136DDF005F24C3 /* LaunchScreen.xib */,
				1819A8061A136DDF005F24C3 /* Supporting Files */,
				1819A8281A136DEE005F24C3 /* ThumbSwift-Bridging-Header.h */,
			);
			path = ThumbSwift;
			sourceTree = "<group>";
		};
		1819A8061A136DDF005F24C3 /* Supporting Files */ = {
			isa = PBXGroup;
			children = (
				1819A8071A136DDF005F24C3 /* Info.plist */,
			);
			name = "Supporting Files";
			sourceTree = "<group>";
		};
		1819A81B1A136DE0005F24C3 /* ThumbSwiftTests */ = {
			isa = PBXGroup;
			children = (
				1819A81E1A136DE0005F24C3 /* ThumbSwiftTests.swift */,
				1819A81C1A136DE0005F24C3 /* Supporting Files */,
			);
			path = ThumbSwiftTests;
			sourceTree = "<group>";
		};
		1819A81C1A136DE0005F24C3 /* Supporting Files */ = {
			isa = PBXGroup;
			children = (
				1819A81D1A136DE0005F24C3 /* Info.plist */,
			);
			name = "Supporting Files";
			sourceTree = "<group>";
		};
		1819A83A1A136EBC005F24C3 /* ObjectiveC */ = {
			isa = PBXGroup;
			children = (
				1819A8511A136EE4005F24C3 /* webService */,
				1819A83B1A136EC8005F24C3 /* customerCategory */,
			);
			path = ObjectiveC;
			sourceTree = "<group>";
		};
		1819A83B1A136EC8005F24C3 /* customerCategory */ = {
			isa = PBXGroup;
			children = (
				1819A83C1A136EC8005F24C3 /* AllCustomerCategoryHeaders.h */,
				1819A83D1A136EC8005F24C3 /* MBProgressHUD */,
				1819A8401A136EC8005F24C3 /* NSString+Tony.h */,
				1819A8411A136EC8005F24C3 /* NSString+Tony.m */,
				1819A8421A136EC8005F24C3 /* Reachability */,
			);
			path = customerCategory;
			sourceTree = "<group>";
		};
		1819A83D1A136EC8005F24C3 /* MBProgressHUD */ = {
			isa = PBXGroup;
			children = (
				1819A83E1A136EC8005F24C3 /* MBProgressHUD.h */,
				1819A83F1A136EC8005F24C3 /* MBProgressHUD.m */,
			);
			path = MBProgressHUD;
			sourceTree = "<group>";
		};
		1819A8421A136EC8005F24C3 /* Reachability */ = {
			isa = PBXGroup;
			children = (
				1819A8431A136EC8005F24C3 /* GSReachability.h */,
				1819A8441A136EC8005F24C3 /* GSReachability.m */,
				1819A8451A136EC8005F24C3 /* Reachability.h */,
				1819A8461A136EC8005F24C3 /* Reachability.m */,
			);
			path = Reachability;
			sourceTree = "<group>";
		};
		1819A8511A136EE4005F24C3 /* webService */ = {
			isa = PBXGroup;
			children = (
				1819A8521A136EE4005F24C3 /* ZDNSURLSession.h */,
				1819A8531A136EE4005F24C3 /* ZDNSURLSession.m */,
				1819A8541A136EE4005F24C3 /* ZDWebService+URLString.h */,
				1819A8551A136EE4005F24C3 /* ZDWebService+URLString.m */,
				1819A8561A136EE4005F24C3 /* ZDWebService.h */,
				1819A8571A136EE4005F24C3 /* ZDWebService.m */,
				1819A8581A136EE4005F24C3 /* ZDWebserviceDataParse.h */,
				1819A8591A136EE4005F24C3 /* ZDWebserviceDataParse.m */,
			);
			path = webService;
			sourceTree = "<group>";
		};
		1819A85E1A137021005F24C3 /* Financial */ = {
			isa = PBXGroup;
			children = (
				1819A8641A1371B1005F24C3 /* StoryboardOne.storyboard */,
				18D67B271A14380100CF14A9 /* ZDOldFinancialTableViewCell.swift */,
				18D67B2D1A1453A900CF14A9 /* ZDNewFinancialTableViewCell.swift */,
				18D67B291A14405500CF14A9 /* ZDFinancialTableViewController.swift */,
				18D67B2B1A144B5400CF14A9 /* ZDFinancialStore.swift */,
				18D67B2F1A146BE900CF14A9 /* ZDOldFinancialItem.swift */,
				18D67B311A14767000CF14A9 /* ZDSelectionViewController.swift */,
			);
			path = Financial;
			sourceTree = "<group>";
		};
		1819A85F1A137021005F24C3 /* Login */ = {
			isa = PBXGroup;
			children = (
				1819A8621A137199005F24C3 /* Login.storyboard */,
				1819A86C1A138113005F24C3 /* ZDLoginTableViewController.swift */,
			);
			path = Login;
			sourceTree = "<group>";
		};
		1819A8601A137021005F24C3 /* MyAccount */ = {
			isa = PBXGroup;
			children = (
				1819A8661A1371BF005F24C3 /* StoryboardTwo.storyboard */,
				1819A86A1A137B71005F24C3 /* ZDMyAccounViewController.swift */,
				183DA2441A14D81D00678E81 /* ZDAccountTableViewCell.swift */,
				183DA2461A14E4A900678E81 /* ZDAccountSecurityTableViewController.swift */,
			);
			path = MyAccount;
			sourceTree = "<group>";
		};
		1819A8611A137021005F24C3 /* Setting */ = {
			isa = PBXGroup;
			children = (
				1819A8681A1371C8005F24C3 /* StoryboardThree.storyboard */,
			);
			path = Setting;
			sourceTree = "<group>";
		};
/* End PBXGroup section */

/* Begin PBXNativeTarget section */
		1819A8021A136DDF005F24C3 /* ThumbSwift */ = {
			isa = PBXNativeTarget;
			buildConfigurationList = 1819A8221A136DE0005F24C3 /* Build configuration list for PBXNativeTarget "ThumbSwift" */;
			buildPhases = (
				1819A7FF1A136DDF005F24C3 /* Sources */,
				1819A8001A136DDF005F24C3 /* Frameworks */,
				1819A8011A136DDF005F24C3 /* Resources */,
			);
			buildRules = (
			);
			dependencies = (
			);
			name = ThumbSwift;
			productName = ThumbSwift;
			productReference = 1819A8031A136DDF005F24C3 /* ThumbSwift.app */;
			productType = "com.apple.product-type.application";
		};
		1819A8171A136DDF005F24C3 /* ThumbSwiftTests */ = {
			isa = PBXNativeTarget;
			buildConfigurationList = 1819A8251A136DE0005F24C3 /* Build configuration list for PBXNativeTarget "ThumbSwiftTests" */;
			buildPhases = (
				1819A8141A136DDF005F24C3 /* Sources */,
				1819A8151A136DDF005F24C3 /* Frameworks */,
				1819A8161A136DDF005F24C3 /* Resources */,
			);
			buildRules = (
			);
			dependencies = (
				1819A81A1A136DDF005F24C3 /* PBXTargetDependency */,
			);
			name = ThumbSwiftTests;
			productName = ThumbSwiftTests;
			productReference = 1819A8181A136DDF005F24C3 /* ThumbSwiftTests.xctest */;
			productType = "com.apple.product-type.bundle.unit-test";
		};
/* End PBXNativeTarget section */

/* Begin PBXProject section */
		1819A7FB1A136DDF005F24C3 /* Project object */ = {
			isa = PBXProject;
			attributes = {
				LastUpgradeCheck = 0610;
				ORGANIZATIONNAME = zendaimoney;
				TargetAttributes = {
					1819A8021A136DDF005F24C3 = {
						CreatedOnToolsVersion = 6.1;
					};
					1819A8171A136DDF005F24C3 = {
						CreatedOnToolsVersion = 6.1;
						TestTargetID = 1819A8021A136DDF005F24C3;
					};
				};
			};
			buildConfigurationList = 1819A7FE1A136DDF005F24C3 /* Build configuration list for PBXProject "ThumbSwift" */;
			compatibilityVersion = "Xcode 3.2";
			developmentRegion = English;
			hasScannedForEncodings = 0;
			knownRegions = (
				en,
				Base,
			);
			mainGroup = 1819A7FA1A136DDF005F24C3;
			productRefGroup = 1819A8041A136DDF005F24C3 /* Products */;
			projectDirPath = "";
			projectRoot = "";
			targets = (
				1819A8021A136DDF005F24C3 /* ThumbSwift */,
				1819A8171A136DDF005F24C3 /* ThumbSwiftTests */,
			);
		};
/* End PBXProject section */

/* Begin PBXResourcesBuildPhase section */
		1819A8011A136DDF005F24C3 /* Resources */ = {
			isa = PBXResourcesBuildPhase;
			buildActionMask = 2147483647;
			files = (
				1819A8651A1371B1005F24C3 /* StoryboardOne.storyboard in Resources */,
				1819A80E1A136DDF005F24C3 /* Main.storyboard in Resources */,
				1819A8691A1371C8005F24C3 /* StoryboardThree.storyboard in Resources */,
				1819A8671A1371BF005F24C3 /* StoryboardTwo.storyboard in Resources */,
				1819A8131A136DDF005F24C3 /* LaunchScreen.xib in Resources */,
				1819A8631A137199005F24C3 /* Login.storyboard in Resources */,
				1819A8101A136DDF005F24C3 /* Images.xcassets in Resources */,
			);
			runOnlyForDeploymentPostprocessing = 0;
		};
		1819A8161A136DDF005F24C3 /* Resources */ = {
			isa = PBXResourcesBuildPhase;
			buildActionMask = 2147483647;
			files = (
			);
			runOnlyForDeploymentPostprocessing = 0;
		};
/* End PBXResourcesBuildPhase section */

/* Begin PBXSourcesBuildPhase section */
		1819A7FF1A136DDF005F24C3 /* Sources */ = {
			isa = PBXSourcesBuildPhase;
			buildActionMask = 2147483647;
			files = (
				1819A85C1A136EE4005F24C3 /* ZDWebService.m in Sources */,
				18D67B2C1A144B5400CF14A9 /* ZDFinancialStore.swift in Sources */,
				18D67B281A14380100CF14A9 /* ZDOldFinancialTableViewCell.swift in Sources */,
				1819A86B1A137B71005F24C3 /* ZDMyAccounViewController.swift in Sources */,
				1819A85B1A136EE4005F24C3 /* ZDWebService+URLString.m in Sources */,
				1819A86D1A138113005F24C3 /* ZDLoginTableViewController.swift in Sources */,
				18D67B301A146BE900CF14A9 /* ZDOldFinancialItem.swift in Sources */,
				183DA2471A14E4A900678E81 /* ZDAccountSecurityTableViewController.swift in Sources */,
				1819A80B1A136DDF005F24C3 /* ZDMainTabbarController.swift in Sources */,
				1819A85A1A136EE4005F24C3 /* ZDNSURLSession.m in Sources */,
				18D67B321A14767000CF14A9 /* ZDSelectionViewController.swift in Sources */,
				1819A84B1A136EC8005F24C3 /* MBProgressHUD.m in Sources */,
				18D67B2E1A1453A900CF14A9 /* ZDNewFinancialTableViewCell.swift in Sources */,
				1819A85D1A136EE4005F24C3 /* ZDWebserviceDataParse.m in Sources */,
				1819A84D1A136EC8005F24C3 /* GSReachability.m in Sources */,
				18D67B2A1A14405500CF14A9 /* ZDFinancialTableViewController.swift in Sources */,
				1819A8091A136DDF005F24C3 /* AppDelegate.swift in Sources */,
				1819A84E1A136EC8005F24C3 /* Reachability.m in Sources */,
				183DA2451A14D81D00678E81 /* ZDAccountTableViewCell.swift in Sources */,
				1819A84C1A136EC8005F24C3 /* NSString+Tony.m in Sources */,
			);
			runOnlyForDeploymentPostprocessing = 0;
		};
		1819A8141A136DDF005F24C3 /* Sources */ = {
			isa = PBXSourcesBuildPhase;
			buildActionMask = 2147483647;
			files = (
				1819A81F1A136DE0005F24C3 /* ThumbSwiftTests.swift in Sources */,
			);
			runOnlyForDeploymentPostprocessing = 0;
		};
/* End PBXSourcesBuildPhase section */

/* Begin PBXTargetDependency section */
		1819A81A1A136DDF005F24C3 /* PBXTargetDependency */ = {
			isa = PBXTargetDependency;
			target = 1819A8021A136DDF005F24C3 /* ThumbSwift */;
			targetProxy = 1819A8191A136DDF005F24C3 /* PBXContainerItemProxy */;
		};
/* End PBXTargetDependency section */

/* Begin PBXVariantGroup section */
		1819A80C1A136DDF005F24C3 /* Main.storyboard */ = {
			isa = PBXVariantGroup;
			children = (
				1819A80D1A136DDF005F24C3 /* Base */,
			);
			name = Main.storyboard;
			sourceTree = "<group>";
		};
		1819A8111A136DDF005F24C3 /* LaunchScreen.xib */ = {
			isa = PBXVariantGroup;
			children = (
				1819A8121A136DDF005F24C3 /* Base */,
			);
			name = LaunchScreen.xib;
			sourceTree = "<group>";
		};
/* End PBXVariantGroup section */

/* Begin XCBuildConfiguration section */
		1819A8201A136DE0005F24C3 /* Debug */ = {
			isa = XCBuildConfiguration;
			buildSettings = {
				ALWAYS_SEARCH_USER_PATHS = NO;
				CLANG_CXX_LANGUAGE_STANDARD = "gnu++0x";
				CLANG_CXX_LIBRARY = "libc++";
				CLANG_ENABLE_MODULES = YES;
				CLANG_ENABLE_OBJC_ARC = YES;
				CLANG_WARN_BOOL_CONVERSION = YES;
				CLANG_WARN_CONSTANT_CONVERSION = YES;
				CLANG_WARN_DIRECT_OBJC_ISA_USAGE = YES_ERROR;
				CLANG_WARN_EMPTY_BODY = YES;
				CLANG_WARN_ENUM_CONVERSION = YES;
				CLANG_WARN_INT_CONVERSION = YES;
				CLANG_WARN_OBJC_ROOT_CLASS = YES_ERROR;
				CLANG_WARN_UNREACHABLE_CODE = YES;
				CLANG_WARN__DUPLICATE_METHOD_MATCH = YES;
				"CODE_SIGN_IDENTITY[sdk=iphoneos*]" = "iPhone Developer";
				COPY_PHASE_STRIP = NO;
				ENABLE_STRICT_OBJC_MSGSEND = YES;
				GCC_C_LANGUAGE_STANDARD = gnu99;
				GCC_DYNAMIC_NO_PIC = NO;
				GCC_OPTIMIZATION_LEVEL = 0;
				GCC_PREPROCESSOR_DEFINITIONS = (
					"DEBUG=1",
					"$(inherited)",
				);
				GCC_SYMBOLS_PRIVATE_EXTERN = NO;
				GCC_WARN_64_TO_32_BIT_CONVERSION = YES;
				GCC_WARN_ABOUT_RETURN_TYPE = YES_ERROR;
				GCC_WARN_UNDECLARED_SELECTOR = YES;
				GCC_WARN_UNINITIALIZED_AUTOS = YES_AGGRESSIVE;
				GCC_WARN_UNUSED_FUNCTION = YES;
				GCC_WARN_UNUSED_VARIABLE = YES;
				IPHONEOS_DEPLOYMENT_TARGET = 8.1;
				MTL_ENABLE_DEBUG_INFO = YES;
				ONLY_ACTIVE_ARCH = YES;
				SDKROOT = iphoneos;
				SWIFT_OPTIMIZATION_LEVEL = "-Onone";
				TARGETED_DEVICE_FAMILY = "1,2";
			};
			name = Debug;
		};
		1819A8211A136DE0005F24C3 /* Release */ = {
			isa = XCBuildConfiguration;
			buildSettings = {
				ALWAYS_SEARCH_USER_PATHS = NO;
				CLANG_CXX_LANGUAGE_STANDARD = "gnu++0x";
				CLANG_CXX_LIBRARY = "libc++";
				CLANG_ENABLE_MODULES = YES;
				CLANG_ENABLE_OBJC_ARC = YES;
				CLANG_WARN_BOOL_CONVERSION = YES;
				CLANG_WARN_CONSTANT_CONVERSION = YES;
				CLANG_WARN_DIRECT_OBJC_ISA_USAGE = YES_ERROR;
				CLANG_WARN_EMPTY_BODY = YES;
				CLANG_WARN_ENUM_CONVERSION = YES;
				CLANG_WARN_INT_CONVERSION = YES;
				CLANG_WARN_OBJC_ROOT_CLASS = YES_ERROR;
				CLANG_WARN_UNREACHABLE_CODE = YES;
				CLANG_WARN__DUPLICATE_METHOD_MATCH = YES;
				"CODE_SIGN_IDENTITY[sdk=iphoneos*]" = "iPhone Developer";
				COPY_PHASE_STRIP = YES;
				ENABLE_NS_ASSERTIONS = NO;
				ENABLE_STRICT_OBJC_MSGSEND = YES;
				GCC_C_LANGUAGE_STANDARD = gnu99;
				GCC_WARN_64_TO_32_BIT_CONVERSION = YES;
				GCC_WARN_ABOUT_RETURN_TYPE = YES_ERROR;
				GCC_WARN_UNDECLARED_SELECTOR = YES;
				GCC_WARN_UNINITIALIZED_AUTOS = YES_AGGRESSIVE;
				GCC_WARN_UNUSED_FUNCTION = YES;
				GCC_WARN_UNUSED_VARIABLE = YES;
				IPHONEOS_DEPLOYMENT_TARGET = 8.1;
				MTL_ENABLE_DEBUG_INFO = NO;
				SDKROOT = iphoneos;
				TARGETED_DEVICE_FAMILY = "1,2";
				VALIDATE_PRODUCT = YES;
			};
			name = Release;
		};
		1819A8231A136DE0005F24C3 /* Debug */ = {
			isa = XCBuildConfiguration;
			buildSettings = {
				ASSETCATALOG_COMPILER_APPICON_NAME = AppIcon;
				CLANG_ENABLE_MODULES = YES;
				INFOPLIST_FILE = ThumbSwift/Info.plist;
				LD_RUNPATH_SEARCH_PATHS = "$(inherited) @executable_path/Frameworks";
				PRODUCT_NAME = "$(TARGET_NAME)";
				SWIFT_OBJC_BRIDGING_HEADER = "ThumbSwift/ThumbSwift-Bridging-Header.h";
				SWIFT_OPTIMIZATION_LEVEL = "-Onone";
			};
			name = Debug;
		};
		1819A8241A136DE0005F24C3 /* Release */ = {
			isa = XCBuildConfiguration;
			buildSettings = {
				ASSETCATALOG_COMPILER_APPICON_NAME = AppIcon;
				CLANG_ENABLE_MODULES = YES;
				INFOPLIST_FILE = ThumbSwift/Info.plist;
				LD_RUNPATH_SEARCH_PATHS = "$(inherited) @executable_path/Frameworks";
				PRODUCT_NAME = "$(TARGET_NAME)";
				SWIFT_OBJC_BRIDGING_HEADER = "ThumbSwift/ThumbSwift-Bridging-Header.h";
			};
			name = Release;
		};
		1819A8261A136DE0005F24C3 /* Debug */ = {
			isa = XCBuildConfiguration;
			buildSettings = {
				BUNDLE_LOADER = "$(TEST_HOST)";
				FRAMEWORK_SEARCH_PATHS = (
					"$(SDKROOT)/Developer/Library/Frameworks",
					"$(inherited)",
				);
				GCC_PREPROCESSOR_DEFINITIONS = (
					"DEBUG=1",
					"$(inherited)",
				);
				INFOPLIST_FILE = ThumbSwiftTests/Info.plist;
				LD_RUNPATH_SEARCH_PATHS = "$(inherited) @executable_path/Frameworks @loader_path/Frameworks";
				PRODUCT_NAME = "$(TARGET_NAME)";
				TEST_HOST = "$(BUILT_PRODUCTS_DIR)/ThumbSwift.app/ThumbSwift";
			};
			name = Debug;
		};
		1819A8271A136DE0005F24C3 /* Release */ = {
			isa = XCBuildConfiguration;
			buildSettings = {
				BUNDLE_LOADER = "$(TEST_HOST)";
				FRAMEWORK_SEARCH_PATHS = (
					"$(SDKROOT)/Developer/Library/Frameworks",
					"$(inherited)",
				);
				INFOPLIST_FILE = ThumbSwiftTests/Info.plist;
				LD_RUNPATH_SEARCH_PATHS = "$(inherited) @executable_path/Frameworks @loader_path/Frameworks";
				PRODUCT_NAME = "$(TARGET_NAME)";
				TEST_HOST = "$(BUILT_PRODUCTS_DIR)/ThumbSwift.app/ThumbSwift";
			};
			name = Release;
		};
/* End XCBuildConfiguration section */

/* Begin XCConfigurationList section */
		1819A7FE1A136DDF005F24C3 /* Build configuration list for PBXProject "ThumbSwift" */ = {
			isa = XCConfigurationList;
			buildConfigurations = (
				1819A8201A136DE0005F24C3 /* Debug */,
				1819A8211A136DE0005F24C3 /* Release */,
			);
			defaultConfigurationIsVisible = 0;
			defaultConfigurationName = Release;
		};
		1819A8221A136DE0005F24C3 /* Build configuration list for PBXNativeTarget "ThumbSwift" */ = {
			isa = XCConfigurationList;
			buildConfigurations = (
				1819A8231A136DE0005F24C3 /* Debug */,
				1819A8241A136DE0005F24C3 /* Release */,
			);
			defaultConfigurationIsVisible = 0;
			defaultConfigurationName = Release;
		};
		1819A8251A136DE0005F24C3 /* Build configuration list for PBXNativeTarget "ThumbSwiftTests" */ = {
			isa = XCConfigurationList;
			buildConfigurations = (
				1819A8261A136DE0005F24C3 /* Debug */,
				1819A8271A136DE0005F24C3 /* Release */,
			);
			defaultConfigurationIsVisible = 0;
			defaultConfigurationName = Release;
		};
/* End XCConfigurationList section */
	};
	rootObject = 1819A7FB1A136DDF005F24C3 /* Project object */;
}
