// !$*UTF8*$!
{
	archiveVersion = 1;
	classes = {
	};
	objectVersion = 46;
	objects = {

/* Begin PBXBuildFile section */
		1819A8091A136DDF005F24C3 /* AppDelegate.swift in Sources */ = {isa = PBXBuildFile; fileRef = 1819A8081A136DDF005F24C3 /* AppDelegate.swift */; };
		1819A80B1A136DDF005F24C3 /* ZDMainTabbarController.swift in Sources */ = {isa = PBXBuildFile; fileRef = 1819A80A1A136DDF005F24C3 /* ZDMainTabbarController.swift */; };
		1819A80E1A136DDF005F24C3 /* Main.storyboard in Resources */ = {isa = PBXBuildFile; fileRef = 1819A80C1A136DDF005F24C3 /* Main.storyboard */; };
		1819A8131A136DDF005F24C3 /* LaunchScreen.xib in Resources */ = {isa = PBXBuildFile; fileRef = 1819A8111A136DDF005F24C3 /* LaunchScreen.xib */; };
		1819A81F1A136DE0005F24C3 /* ThumbSwiftTests.swift in Sources */ = {isa = PBXBuildFile; fileRef = 1819A81E1A136DE0005F24C3 /* ThumbSwiftTests.swift */; };
		1819A84B1A136EC8005F24C3 /* MBProgressHUD.m in Sources */ = {isa = PBXBuildFile; fileRef = 1819A83F1A136EC8005F24C3 /* MBProgressHUD.m */; };
		1819A84C1A136EC8005F24C3 /* NSString+Tony.m in Sources */ = {isa = PBXBuildFile; fileRef = 1819A8411A136EC8005F24C3 /* NSString+Tony.m */; };
		1819A84D1A136EC8005F24C3 /* GSReachability.m in Sources */ = {isa = PBXBuildFile; fileRef = 1819A8441A136EC8005F24C3 /* GSReachability.m */; };
		1819A84E1A136EC8005F24C3 /* Reachability.m in Sources */ = {isa = PBXBuildFile; fileRef = 1819A8461A136EC8005F24C3 /* Reachability.m */; settings = {COMPILER_FLAGS = "-fno-objc-arc"; }; };
		1819A8671A1371BF005F24C3 /* StoryboardTwo.storyboard in Resources */ = {isa = PBXBuildFile; fileRef = 1819A8661A1371BF005F24C3 /* StoryboardTwo.storyboard */; };
		1819A8691A1371C8005F24C3 /* StoryboardThree.storyboard in Resources */ = {isa = PBXBuildFile; fileRef = 1819A8681A1371C8005F24C3 /* StoryboardThree.storyboard */; };
		1819A86B1A137B71005F24C3 /* ZDMyAccounViewController.swift in Sources */ = {isa = PBXBuildFile; fileRef = 1819A86A1A137B71005F24C3 /* ZDMyAccounViewController.swift */; };
		183DA2451A14D81D00678E81 /* ZDAccountTableViewCell.swift in Sources */ = {isa = PBXBuildFile; fileRef = 183DA2441A14D81D00678E81 /* ZDAccountTableViewCell.swift */; };
		183DA2471A14E4A900678E81 /* ZDAccountSecurityTableViewController.swift in Sources */ = {isa = PBXBuildFile; fileRef = 183DA2461A14E4A900678E81 /* ZDAccountSecurityTableViewController.swift */; };
		18DA99C31A245449007FE052 /* ZDNSURLSession.m in Sources */ = {isa = PBXBuildFile; fileRef = 18DA99BC1A245449007FE052 /* ZDNSURLSession.m */; };
		18DA99C41A245449007FE052 /* ZDWebService+URLString.m in Sources */ = {isa = PBXBuildFile; fileRef = 18DA99BE1A245449007FE052 /* ZDWebService+URLString.m */; };
		18DA99C51A245449007FE052 /* ZDWebService.m in Sources */ = {isa = PBXBuildFile; fileRef = 18DA99C01A245449007FE052 /* ZDWebService.m */; };
		18DA99C61A245449007FE052 /* ZDWebserviceDataParse.m in Sources */ = {isa = PBXBuildFile; fileRef = 18DA99C21A245449007FE052 /* ZDWebserviceDataParse.m */; };
		18DA99CD1A24AD05007FE052 /* ZDLoginTableViewController.swift in Sources */ = {isa = PBXBuildFile; fileRef = 18DA99C81A24AD05007FE052 /* ZDLoginTableViewController.swift */; };
		18DA99CE1A24AD05007FE052 /* Login.storyboard in Resources */ = {isa = PBXBuildFile; fileRef = 18DA99CC1A24AD05007FE052 /* Login.storyboard */; };
		18DA99D01A24AD70007FE052 /* ZDCustomer.swift in Sources */ = {isa = PBXBuildFile; fileRef = 18DA99CF1A24AD70007FE052 /* ZDCustomer.swift */; };
		18DA99D21A24AEAF007FE052 /* ZDLoginStore.swift in Sources */ = {isa = PBXBuildFile; fileRef = 18DA99D11A24AEAF007FE052 /* ZDLoginStore.swift */; };
		18DA99D41A24B969007FE052 /* ZDIncomeViewController.swift in Sources */ = {isa = PBXBuildFile; fileRef = 18DA99D31A24B969007FE052 /* ZDIncomeViewController.swift */; };
		18DB039A1A183DAE00AFA261 /* Images.xcassets in Resources */ = {isa = PBXBuildFile; fileRef = 18DB03991A183DAE00AFA261 /* Images.xcassets */; };
		18DB039D1A1841E100AFA261 /* BaseViewController.swift in Sources */ = {isa = PBXBuildFile; fileRef = 18DB039B1A1841E100AFA261 /* BaseViewController.swift */; };
		18DB03AA1A18819900AFA261 /* ZDFinancialTableViewController.swift in Sources */ = {isa = PBXBuildFile; fileRef = 18DB03A01A18819900AFA261 /* ZDFinancialTableViewController.swift */; };
		18DB03AB1A18819900AFA261 /* ZDSelectionViewController.swift in Sources */ = {isa = PBXBuildFile; fileRef = 18DB03A11A18819900AFA261 /* ZDSelectionViewController.swift */; };
		18DB03AD1A18819900AFA261 /* ZDFinancialStore.swift in Sources */ = {isa = PBXBuildFile; fileRef = 18DB03A51A18819900AFA261 /* ZDFinancialStore.swift */; };
		18DB03AF1A18819900AFA261 /* ZDNewFinancialTableViewCell.swift in Sources */ = {isa = PBXBuildFile; fileRef = 18DB03A81A18819900AFA261 /* ZDNewFinancialTableViewCell.swift */; };
		18DB03B01A18819900AFA261 /* ZDOldFinancialTableViewCell.swift in Sources */ = {isa = PBXBuildFile; fileRef = 18DB03A91A18819900AFA261 /* ZDOldFinancialTableViewCell.swift */; };
		18DB03B71A1883FF00AFA261 /* ZDProduct.swift in Sources */ = {isa = PBXBuildFile; fileRef = 18DB03B61A1883FF00AFA261 /* ZDProduct.swift */; };
		18DB03BD1A1892C200AFA261 /* product.plist in Resources */ = {isa = PBXBuildFile; fileRef = 18DB03BC1A1892C200AFA261 /* product.plist */; };
		18DB03BF1A18A12300AFA261 /* ZDOfflineApplyViewController.swift in Sources */ = {isa = PBXBuildFile; fileRef = 18DB03BE1A18A12300AFA261 /* ZDOfflineApplyViewController.swift */; };
		18DB03C11A18A2DB00AFA261 /* ShowOfflineHeadViewController.swift in Sources */ = {isa = PBXBuildFile; fileRef = 18DB03C01A18A2DB00AFA261 /* ShowOfflineHeadViewController.swift */; };
		18E17ED51A2C9313003445DC /* ZDSettingTableViewController.swift in Sources */ = {isa = PBXBuildFile; fileRef = 18E17ED41A2C9313003445DC /* ZDSettingTableViewController.swift */; };
		18E17ED71A2C9673003445DC /* ZDQuestionBackViewController.swift in Sources */ = {isa = PBXBuildFile; fileRef = 18E17ED61A2C9673003445DC /* ZDQuestionBackViewController.swift */; };
		18E17ED91A2DF1FF003445DC /* ZDCommonSenseViewController.swift in Sources */ = {isa = PBXBuildFile; fileRef = 18E17ED81A2DF1FF003445DC /* ZDCommonSenseViewController.swift */; };
		18E17EDB1A2DF5DC003445DC /* ZDAboutUsTableViewController.swift in Sources */ = {isa = PBXBuildFile; fileRef = 18E17EDA1A2DF5DC003445DC /* ZDAboutUsTableViewController.swift */; };
		18E17EDD1A2DFF06003445DC /* StoryboardOne.storyboard in Resources */ = {isa = PBXBuildFile; fileRef = 18E17EDC1A2DFF06003445DC /* StoryboardOne.storyboard */; };
		18E17EDF1A2E04A0003445DC /* onlineProduct.plist in Resources */ = {isa = PBXBuildFile; fileRef = 18E17EDE1A2E04A0003445DC /* onlineProduct.plist */; };
/* End PBXBuildFile section */

/* Begin PBXContainerItemProxy section */
		1819A8191A136DDF005F24C3 /* PBXContainerItemProxy */ = {
			isa = PBXContainerItemProxy;
			containerPortal = 1819A7FB1A136DDF005F24C3 /* Project object */;
			proxyType = 1;
			remoteGlobalIDString = 1819A8021A136DDF005F24C3;
			remoteInfo = ThumbSwift;
		};
/* End PBXContainerItemProxy section */

/* Begin PBXFileReference section */
		1819A8031A136DDF005F24C3 /* ThumbSwift.app */ = {isa = PBXFileReference; explicitFileType = wrapper.application; includeInIndex = 0; path = ThumbSwift.app; sourceTree = BUILT_PRODUCTS_DIR; };
		1819A8071A136DDF005F24C3 /* Info.plist */ = {isa = PBXFileReference; lastKnownFileType = text.plist.xml; path = Info.plist; sourceTree = "<group>"; };
		1819A8081A136DDF005F24C3 /* AppDelegate.swift */ = {isa = PBXFileReference; lastKnownFileType = sourcecode.swift; path = AppDelegate.swift; sourceTree = "<group>"; };
		1819A80A1A136DDF005F24C3 /* ZDMainTabbarController.swift */ = {isa = PBXFileReference; lastKnownFileType = sourcecode.swift; path = ZDMainTabbarController.swift; sourceTree = "<group>"; };
		1819A80D1A136DDF005F24C3 /* Base */ = {isa = PBXFileReference; lastKnownFileType = file.storyboard; name = Base; path = Base.lproj/Main.storyboard; sourceTree = "<group>"; };
		1819A8121A136DDF005F24C3 /* Base */ = {isa = PBXFileReference; lastKnownFileType = file.xib; name = Base; path = Base.lproj/LaunchScreen.xib; sourceTree = "<group>"; };
		1819A8181A136DDF005F24C3 /* ThumbSwiftTests.xctest */ = {isa = PBXFileReference; explicitFileType = wrapper.cfbundle; includeInIndex = 0; path = ThumbSwiftTests.xctest; sourceTree = BUILT_PRODUCTS_DIR; };
		1819A81D1A136DE0005F24C3 /* Info.plist */ = {isa = PBXFileReference; lastKnownFileType = text.plist.xml; path = Info.plist; sourceTree = "<group>"; };
		1819A81E1A136DE0005F24C3 /* ThumbSwiftTests.swift */ = {isa = PBXFileReference; lastKnownFileType = sourcecode.swift; path = ThumbSwiftTests.swift; sourceTree = "<group>"; };
		1819A8281A136DEE005F24C3 /* ThumbSwift-Bridging-Header.h */ = {isa = PBXFileReference; lastKnownFileType = sourcecode.c.h; path = "ThumbSwift-Bridging-Header.h"; sourceTree = "<group>"; };
		1819A83C1A136EC8005F24C3 /* AllCustomerCategoryHeaders.h */ = {isa = PBXFileReference; fileEncoding = 4; lastKnownFileType = sourcecode.c.h; path = AllCustomerCategoryHeaders.h; sourceTree = "<group>"; };
		1819A83E1A136EC8005F24C3 /* MBProgressHUD.h */ = {isa = PBXFileReference; fileEncoding = 4; lastKnownFileType = sourcecode.c.h; path = MBProgressHUD.h; sourceTree = "<group>"; };
		1819A83F1A136EC8005F24C3 /* MBProgressHUD.m */ = {isa = PBXFileReference; fileEncoding = 4; lastKnownFileType = sourcecode.c.objc; path = MBProgressHUD.m; sourceTree = "<group>"; };
		1819A8401A136EC8005F24C3 /* NSString+Tony.h */ = {isa = PBXFileReference; fileEncoding = 4; lastKnownFileType = sourcecode.c.h; path = "NSString+Tony.h"; sourceTree = "<group>"; };
		1819A8411A136EC8005F24C3 /* NSString+Tony.m */ = {isa = PBXFileReference; fileEncoding = 4; lastKnownFileType = sourcecode.c.objc; path = "NSString+Tony.m"; sourceTree = "<group>"; };
		1819A8431A136EC8005F24C3 /* GSReachability.h */ = {isa = PBXFileReference; fileEncoding = 4; lastKnownFileType = sourcecode.c.h; path = GSReachability.h; sourceTree = "<group>"; };
		1819A8441A136EC8005F24C3 /* GSReachability.m */ = {isa = PBXFileReference; fileEncoding = 4; lastKnownFileType = sourcecode.c.objc; path = GSReachability.m; sourceTree = "<group>"; };
		1819A8451A136EC8005F24C3 /* Reachability.h */ = {isa = PBXFileReference; fileEncoding = 4; lastKnownFileType = sourcecode.c.h; path = Reachability.h; sourceTree = "<group>"; };
		1819A8461A136EC8005F24C3 /* Reachability.m */ = {isa = PBXFileReference; fileEncoding = 4; lastKnownFileType = sourcecode.c.objc; path = Reachability.m; sourceTree = "<group>"; };
		1819A8661A1371BF005F24C3 /* StoryboardTwo.storyboard */ = {isa = PBXFileReference; fileEncoding = 4; lastKnownFileType = file.storyboard; path = StoryboardTwo.storyboard; sourceTree = "<group>"; };
		1819A8681A1371C8005F24C3 /* StoryboardThree.storyboard */ = {isa = PBXFileReference; fileEncoding = 4; lastKnownFileType = file.storyboard; path = StoryboardThree.storyboard; sourceTree = "<group>"; };
		1819A86A1A137B71005F24C3 /* ZDMyAccounViewController.swift */ = {isa = PBXFileReference; fileEncoding = 4; lastKnownFileType = sourcecode.swift; path = ZDMyAccounViewController.swift; sourceTree = "<group>"; };
		183DA2441A14D81D00678E81 /* ZDAccountTableViewCell.swift */ = {isa = PBXFileReference; fileEncoding = 4; lastKnownFileType = sourcecode.swift; path = ZDAccountTableViewCell.swift; sourceTree = "<group>"; };
		183DA2461A14E4A900678E81 /* ZDAccountSecurityTableViewController.swift */ = {isa = PBXFileReference; fileEncoding = 4; lastKnownFileType = sourcecode.swift; path = ZDAccountSecurityTableViewController.swift; sourceTree = "<group>"; };
		18DA99BB1A245449007FE052 /* ZDNSURLSession.h */ = {isa = PBXFileReference; fileEncoding = 4; lastKnownFileType = sourcecode.c.h; path = ZDNSURLSession.h; sourceTree = "<group>"; };
		18DA99BC1A245449007FE052 /* ZDNSURLSession.m */ = {isa = PBXFileReference; fileEncoding = 4; lastKnownFileType = sourcecode.c.objc; path = ZDNSURLSession.m; sourceTree = "<group>"; };
		18DA99BD1A245449007FE052 /* ZDWebService+URLString.h */ = {isa = PBXFileReference; fileEncoding = 4; lastKnownFileType = sourcecode.c.h; path = "ZDWebService+URLString.h"; sourceTree = "<group>"; };
		18DA99BE1A245449007FE052 /* ZDWebService+URLString.m */ = {isa = PBXFileReference; fileEncoding = 4; lastKnownFileType = sourcecode.c.objc; path = "ZDWebService+URLString.m"; sourceTree = "<group>"; };
		18DA99BF1A245449007FE052 /* ZDWebService.h */ = {isa = PBXFileReference; fileEncoding = 4; lastKnownFileType = sourcecode.c.h; path = ZDWebService.h; sourceTree = "<group>"; };
		18DA99C01A245449007FE052 /* ZDWebService.m */ = {isa = PBXFileReference; fileEncoding = 4; lastKnownFileType = sourcecode.c.objc; path = ZDWebService.m; sourceTree = "<group>"; };
		18DA99C11A245449007FE052 /* ZDWebserviceDataParse.h */ = {isa = PBXFileReference; fileEncoding = 4; lastKnownFileType = sourcecode.c.h; path = ZDWebserviceDataParse.h; sourceTree = "<group>"; };
		18DA99C21A245449007FE052 /* ZDWebserviceDataParse.m */ = {isa = PBXFileReference; fileEncoding = 4; lastKnownFileType = sourcecode.c.objc; path = ZDWebserviceDataParse.m; sourceTree = "<group>"; };
		18DA99C81A24AD05007FE052 /* ZDLoginTableViewController.swift */ = {isa = PBXFileReference; fileEncoding = 4; lastKnownFileType = sourcecode.swift; path = ZDLoginTableViewController.swift; sourceTree = "<group>"; };
		18DA99CC1A24AD05007FE052 /* Login.storyboard */ = {isa = PBXFileReference; fileEncoding = 4; lastKnownFileType = file.storyboard; path = Login.storyboard; sourceTree = "<group>"; };
		18DA99CF1A24AD70007FE052 /* ZDCustomer.swift */ = {isa = PBXFileReference; fileEncoding = 4; lastKnownFileType = sourcecode.swift; path = ZDCustomer.swift; sourceTree = "<group>"; };
		18DA99D11A24AEAF007FE052 /* ZDLoginStore.swift */ = {isa = PBXFileReference; fileEncoding = 4; lastKnownFileType = sourcecode.swift; path = ZDLoginStore.swift; sourceTree = "<group>"; };
		18DA99D31A24B969007FE052 /* ZDIncomeViewController.swift */ = {isa = PBXFileReference; fileEncoding = 4; lastKnownFileType = sourcecode.swift; path = ZDIncomeViewController.swift; sourceTree = "<group>"; };
		18DB03991A183DAE00AFA261 /* Images.xcassets */ = {isa = PBXFileReference; lastKnownFileType = folder.assetcatalog; path = Images.xcassets; sourceTree = "<group>"; };
		18DB039B1A1841E100AFA261 /* BaseViewController.swift */ = {isa = PBXFileReference; fileEncoding = 4; lastKnownFileType = sourcecode.swift; path = BaseViewController.swift; sourceTree = "<group>"; };
		18DB03A01A18819900AFA261 /* ZDFinancialTableViewController.swift */ = {isa = PBXFileReference; fileEncoding = 4; lastKnownFileType = sourcecode.swift; path = ZDFinancialTableViewController.swift; sourceTree = "<group>"; };
		18DB03A11A18819900AFA261 /* ZDSelectionViewController.swift */ = {isa = PBXFileReference; fileEncoding = 4; lastKnownFileType = sourcecode.swift; path = ZDSelectionViewController.swift; sourceTree = "<group>"; };
		18DB03A51A18819900AFA261 /* ZDFinancialStore.swift */ = {isa = PBXFileReference; fileEncoding = 4; lastKnownFileType = sourcecode.swift; path = ZDFinancialStore.swift; sourceTree = "<group>"; };
		18DB03A81A18819900AFA261 /* ZDNewFinancialTableViewCell.swift */ = {isa = PBXFileReference; fileEncoding = 4; lastKnownFileType = sourcecode.swift; path = ZDNewFinancialTableViewCell.swift; sourceTree = "<group>"; };
		18DB03A91A18819900AFA261 /* ZDOldFinancialTableViewCell.swift */ = {isa = PBXFileReference; fileEncoding = 4; lastKnownFileType = sourcecode.swift; path = ZDOldFinancialTableViewCell.swift; sourceTree = "<group>"; };
		18DB03B61A1883FF00AFA261 /* ZDProduct.swift */ = {isa = PBXFileReference; fileEncoding = 4; lastKnownFileType = sourcecode.swift; path = ZDProduct.swift; sourceTree = "<group>"; };
		18DB03BC1A1892C200AFA261 /* product.plist */ = {isa = PBXFileReference; fileEncoding = 4; lastKnownFileType = text.plist.xml; path = product.plist; sourceTree = "<group>"; };
		18DB03BE1A18A12300AFA261 /* ZDOfflineApplyViewController.swift */ = {isa = PBXFileReference; fileEncoding = 4; lastKnownFileType = sourcecode.swift; path = ZDOfflineApplyViewController.swift; sourceTree = "<group>"; };
		18DB03C01A18A2DB00AFA261 /* ShowOfflineHeadViewController.swift */ = {isa = PBXFileReference; fileEncoding = 4; lastKnownFileType = sourcecode.swift; path = ShowOfflineHeadViewController.swift; sourceTree = "<group>"; };
		18E17ED41A2C9313003445DC /* ZDSettingTableViewController.swift */ = {isa = PBXFileReference; fileEncoding = 4; lastKnownFileType = sourcecode.swift; path = ZDSettingTableViewController.swift; sourceTree = "<group>"; };
		18E17ED61A2C9673003445DC /* ZDQuestionBackViewController.swift */ = {isa = PBXFileReference; fileEncoding = 4; lastKnownFileType = sourcecode.swift; path = ZDQuestionBackViewController.swift; sourceTree = "<group>"; };
		18E17ED81A2DF1FF003445DC /* ZDCommonSenseViewController.swift */ = {isa = PBXFileReference; fileEncoding = 4; lastKnownFileType = sourcecode.swift; path = ZDCommonSenseViewController.swift; sourceTree = "<group>"; };
		18E17EDA1A2DF5DC003445DC /* ZDAboutUsTableViewController.swift */ = {isa = PBXFileReference; fileEncoding = 4; lastKnownFileType = sourcecode.swift; path = ZDAboutUsTableViewController.swift; sourceTree = "<group>"; };
		18E17EDC1A2DFF06003445DC /* StoryboardOne.storyboard */ = {isa = PBXFileReference; fileEncoding = 4; lastKnownFileType = file.storyboard; path = StoryboardOne.storyboard; sourceTree = "<group>"; };
		18E17EDE1A2E04A0003445DC /* onlineProduct.plist */ = {isa = PBXFileReference; fileEncoding = 4; lastKnownFileType = text.plist.xml; path = onlineProduct.plist; sourceTree = "<group>"; };
/* End PBXFileReference section */

/* Begin PBXFrameworksBuildPhase section */
		1819A8001A136DDF005F24C3 /* Frameworks */ = {
			isa = PBXFrameworksBuildPhase;
			buildActionMask = 2147483647;
			files = (
			);
			runOnlyForDeploymentPostprocessing = 0;
		};
		1819A8151A136DDF005F24C3 /* Frameworks */ = {
			isa = PBXFrameworksBuildPhase;
			buildActionMask = 2147483647;
			files = (
			);
			runOnlyForDeploymentPostprocessing = 0;
		};
/* End PBXFrameworksBuildPhase section */

/* Begin PBXGroup section */
		1819A7FA1A136DDF005F24C3 = {
			isa = PBXGroup;
			children = (
				1819A8051A136DDF005F24C3 /* ThumbSwift */,
				1819A81B1A136DE0005F24C3 /* ThumbSwiftTests */,
				1819A8041A136DDF005F24C3 /* Products */,
			);
			sourceTree = "<group>";
		};
		1819A8041A136DDF005F24C3 /* Products */ = {
			isa = PBXGroup;
			children = (
				1819A8031A136DDF005F24C3 /* ThumbSwift.app */,
				1819A8181A136DDF005F24C3 /* ThumbSwiftTests.xctest */,
			);
			name = Products;
			sourceTree = "<group>";
		};
		1819A8051A136DDF005F24C3 /* ThumbSwift */ = {
			isa = PBXGroup;
			children = (
				18DB03991A183DAE00AFA261 /* Images.xcassets */,
				1819A83A1A136EBC005F24C3 /* ObjectiveC */,
				1819A85E1A137021005F24C3 /* Financial */,
				1819A85F1A137021005F24C3 /* Login */,
				1819A8601A137021005F24C3 /* MyAccount */,
				1819A8611A137021005F24C3 /* Setting */,
				1819A8081A136DDF005F24C3 /* AppDelegate.swift */,
				1819A80A1A136DDF005F24C3 /* ZDMainTabbarController.swift */,
				1819A80C1A136DDF005F24C3 /* Main.storyboard */,
				1819A8111A136DDF005F24C3 /* LaunchScreen.xib */,
				1819A8061A136DDF005F24C3 /* Supporting Files */,
				1819A8281A136DEE005F24C3 /* ThumbSwift-Bridging-Header.h */,
				18DB039B1A1841E100AFA261 /* BaseViewController.swift */,
			);
			path = ThumbSwift;
			sourceTree = "<group>";
		};
		1819A8061A136DDF005F24C3 /* Supporting Files */ = {
			isa = PBXGroup;
			children = (
				1819A8071A136DDF005F24C3 /* Info.plist */,
			);
			name = "Supporting Files";
			sourceTree = "<group>";
		};
		1819A81B1A136DE0005F24C3 /* ThumbSwiftTests */ = {
			isa = PBXGroup;
			children = (
				1819A81E1A136DE0005F24C3 /* ThumbSwiftTests.swift */,
				1819A81C1A136DE0005F24C3 /* Supporting Files */,
			);
			path = ThumbSwiftTests;
			sourceTree = "<group>";
		};
		1819A81C1A136DE0005F24C3 /* Supporting Files */ = {
			isa = PBXGroup;
			children = (
				1819A81D1A136DE0005F24C3 /* Info.plist */,
			);
			name = "Supporting Files";
			sourceTree = "<group>";
		};
		1819A83A1A136EBC005F24C3 /* ObjectiveC */ = {
			isa = PBXGroup;
			children = (
				18DA99BA1A245449007FE052 /* webService */,
				1819A83B1A136EC8005F24C3 /* customerCategory */,
			);
			path = ObjectiveC;
			sourceTree = "<group>";
		};
		1819A83B1A136EC8005F24C3 /* customerCategory */ = {
			isa = PBXGroup;
			children = (
				1819A83C1A136EC8005F24C3 /* AllCustomerCategoryHeaders.h */,
				1819A83D1A136EC8005F24C3 /* MBProgressHUD */,
				1819A8401A136EC8005F24C3 /* NSString+Tony.h */,
				1819A8411A136EC8005F24C3 /* NSString+Tony.m */,
				1819A8421A136EC8005F24C3 /* Reachability */,
			);
			path = customerCategory;
			sourceTree = "<group>";
		};
		1819A83D1A136EC8005F24C3 /* MBProgressHUD */ = {
			isa = PBXGroup;
			children = (
				1819A83E1A136EC8005F24C3 /* MBProgressHUD.h */,
				1819A83F1A136EC8005F24C3 /* MBProgressHUD.m */,
			);
			path = MBProgressHUD;
			sourceTree = "<group>";
		};
		1819A8421A136EC8005F24C3 /* Reachability */ = {
			isa = PBXGroup;
			children = (
				1819A8431A136EC8005F24C3 /* GSReachability.h */,
				1819A8441A136EC8005F24C3 /* GSReachability.m */,
				1819A8451A136EC8005F24C3 /* Reachability.h */,
				1819A8461A136EC8005F24C3 /* Reachability.m */,
			);
			path = Reachability;
			sourceTree = "<group>";
		};
		1819A85E1A137021005F24C3 /* Financial */ = {
			isa = PBXGroup;
			children = (
				18DB039F1A18819900AFA261 /* Controller */,
				18DB03A21A18819900AFA261 /* Model */,
				18DB03A41A18819900AFA261 /* Store */,
				18DB03A61A18819900AFA261 /* View */,
			);
			path = Financial;
			sourceTree = "<group>";
		};
		1819A85F1A137021005F24C3 /* Login */ = {
			isa = PBXGroup;
			children = (
				18DA99C71A24AD05007FE052 /* Controller */,
				18DA99C91A24AD05007FE052 /* Model */,
				18DA99CA1A24AD05007FE052 /* Store */,
				18DA99CB1A24AD05007FE052 /* View */,
			);
			path = Login;
			sourceTree = "<group>";
		};
		1819A8601A137021005F24C3 /* MyAccount */ = {
			isa = PBXGroup;
			children = (
				1819A8661A1371BF005F24C3 /* StoryboardTwo.storyboard */,
				1819A86A1A137B71005F24C3 /* ZDMyAccounViewController.swift */,
				183DA2441A14D81D00678E81 /* ZDAccountTableViewCell.swift */,
				183DA2461A14E4A900678E81 /* ZDAccountSecurityTableViewController.swift */,
				18DA99D31A24B969007FE052 /* ZDIncomeViewController.swift */,
			);
			path = MyAccount;
			sourceTree = "<group>";
		};
		1819A8611A137021005F24C3 /* Setting */ = {
			isa = PBXGroup;
			children = (
				1819A8681A1371C8005F24C3 /* StoryboardThree.storyboard */,
				18E17ED41A2C9313003445DC /* ZDSettingTableViewController.swift */,
				18E17ED61A2C9673003445DC /* ZDQuestionBackViewController.swift */,
				18E17ED81A2DF1FF003445DC /* ZDCommonSenseViewController.swift */,
				18E17EDA1A2DF5DC003445DC /* ZDAboutUsTableViewController.swift */,
			);
			path = Setting;
			sourceTree = "<group>";
		};
		18DA99BA1A245449007FE052 /* webService */ = {
			isa = PBXGroup;
			children = (
				18DA99BB1A245449007FE052 /* ZDNSURLSession.h */,
				18DA99BC1A245449007FE052 /* ZDNSURLSession.m */,
				18DA99BD1A245449007FE052 /* ZDWebService+URLString.h */,
				18DA99BE1A245449007FE052 /* ZDWebService+URLString.m */,
				18DA99BF1A245449007FE052 /* ZDWebService.h */,
				18DA99C01A245449007FE052 /* ZDWebService.m */,
				18DA99C11A245449007FE052 /* ZDWebserviceDataParse.h */,
				18DA99C21A245449007FE052 /* ZDWebserviceDataParse.m */,
			);
			path = webService;
			sourceTree = "<group>";
		};
		18DA99C71A24AD05007FE052 /* Controller */ = {
			isa = PBXGroup;
			children = (
				18DA99C81A24AD05007FE052 /* ZDLoginTableViewController.swift */,
			);
			path = Controller;
			sourceTree = "<group>";
		};
		18DA99C91A24AD05007FE052 /* Model */ = {
			isa = PBXGroup;
			children = (
				18DA99CF1A24AD70007FE052 /* ZDCustomer.swift */,
			);
			path = Model;
			sourceTree = "<group>";
		};
		18DA99CA1A24AD05007FE052 /* Store */ = {
			isa = PBXGroup;
			children = (
				18DA99D11A24AEAF007FE052 /* ZDLoginStore.swift */,
			);
			path = Store;
			sourceTree = "<group>";
		};
		18DA99CB1A24AD05007FE052 /* View */ = {
			isa = PBXGroup;
			children = (
				18DA99CC1A24AD05007FE052 /* Login.storyboard */,
			);
			path = View;
			sourceTree = "<group>";
		};
		18DB039F1A18819900AFA261 /* Controller */ = {
			isa = PBXGroup;
			children = (
				18DB03A01A18819900AFA261 /* ZDFinancialTableViewController.swift */,
				18DB03A11A18819900AFA261 /* ZDSelectionViewController.swift */,
				18DB03BE1A18A12300AFA261 /* ZDOfflineApplyViewController.swift */,
				18DB03C01A18A2DB00AFA261 /* ShowOfflineHeadViewController.swift */,
			);
			path = Controller;
			sourceTree = "<group>";
		};
		18DB03A21A18819900AFA261 /* Model */ = {
			isa = PBXGroup;
			children = (
				18DB03B61A1883FF00AFA261 /* ZDProduct.swift */,
			);
			path = Model;
			sourceTree = "<group>";
		};
		18DB03A41A18819900AFA261 /* Store */ = {
			isa = PBXGroup;
			children = (
				18DB03BC1A1892C200AFA261 /* product.plist */,
				18E17EDE1A2E04A0003445DC /* onlineProduct.plist */,
				18DB03A51A18819900AFA261 /* ZDFinancialStore.swift */,
			);
			path = Store;
			sourceTree = "<group>";
		};
		18DB03A61A18819900AFA261 /* View */ = {
			isa = PBXGroup;
			children = (
				18E17EDC1A2DFF06003445DC /* StoryboardOne.storyboard */,
				18DB03A81A18819900AFA261 /* ZDNewFinancialTableViewCell.swift */,
				18DB03A91A18819900AFA261 /* ZDOldFinancialTableViewCell.swift */,
			);
			path = View;
			sourceTree = "<group>";
		};
/* End PBXGroup section */

/* Begin PBXNativeTarget section */
		1819A8021A136DDF005F24C3 /* ThumbSwift */ = {
			isa = PBXNativeTarget;
			buildConfigurationList = 1819A8221A136DE0005F24C3 /* Build configuration list for PBXNativeTarget "ThumbSwift" */;
			buildPhases = (
				1819A7FF1A136DDF005F24C3 /* Sources */,
				1819A8001A136DDF005F24C3 /* Frameworks */,
				1819A8011A136DDF005F24C3 /* Resources */,
			);
			buildRules = (
			);
			dependencies = (
			);
			name = ThumbSwift;
			productName = ThumbSwift;
			productReference = 1819A8031A136DDF005F24C3 /* ThumbSwift.app */;
			productType = "com.apple.product-type.application";
		};
		1819A8171A136DDF005F24C3 /* ThumbSwiftTests */ = {
			isa = PBXNativeTarget;
			buildConfigurationList = 1819A8251A136DE0005F24C3 /* Build configuration list for PBXNativeTarget "ThumbSwiftTests" */;
			buildPhases = (
				1819A8141A136DDF005F24C3 /* Sources */,
				1819A8151A136DDF005F24C3 /* Frameworks */,
				1819A8161A136DDF005F24C3 /* Resources */,
			);
			buildRules = (
			);
			dependencies = (
				1819A81A1A136DDF005F24C3 /* PBXTargetDependency */,
			);
			name = ThumbSwiftTests;
			productName = ThumbSwiftTests;
			productReference = 1819A8181A136DDF005F24C3 /* ThumbSwiftTests.xctest */;
			productType = "com.apple.product-type.bundle.unit-test";
		};
/* End PBXNativeTarget section */

/* Begin PBXProject section */
		1819A7FB1A136DDF005F24C3 /* Project object */ = {
			isa = PBXProject;
			attributes = {
				LastUpgradeCheck = 0610;
				ORGANIZATIONNAME = zendaimoney;
				TargetAttributes = {
					1819A8021A136DDF005F24C3 = {
						CreatedOnToolsVersion = 6.1;
						DevelopmentTeam = 4YB2GQAF4F;
					};
					1819A8171A136DDF005F24C3 = {
						CreatedOnToolsVersion = 6.1;
						TestTargetID = 1819A8021A136DDF005F24C3;
					};
				};
			};
			buildConfigurationList = 1819A7FE1A136DDF005F24C3 /* Build configuration list for PBXProject "ThumbSwift" */;
			compatibilityVersion = "Xcode 3.2";
			developmentRegion = English;
			hasScannedForEncodings = 0;
			knownRegions = (
				en,
				Base,
			);
			mainGroup = 1819A7FA1A136DDF005F24C3;
			productRefGroup = 1819A8041A136DDF005F24C3 /* Products */;
			projectDirPath = "";
			projectRoot = "";
			targets = (
				1819A8021A136DDF005F24C3 /* ThumbSwift */,
				1819A8171A136DDF005F24C3 /* ThumbSwiftTests */,
			);
		};
/* End PBXProject section */

/* Begin PBXResourcesBuildPhase section */
		1819A8011A136DDF005F24C3 /* Resources */ = {
			isa = PBXResourcesBuildPhase;
			buildActionMask = 2147483647;
			files = (
				18DA99CE1A24AD05007FE052 /* Login.storyboard in Resources */,
				18DB03BD1A1892C200AFA261 /* product.plist in Resources */,
				18E17EDD1A2DFF06003445DC /* StoryboardOne.storyboard in Resources */,
				18E17EDF1A2E04A0003445DC /* onlineProduct.plist in Resources */,
				1819A80E1A136DDF005F24C3 /* Main.storyboard in Resources */,
				18DB039A1A183DAE00AFA261 /* Images.xcassets in Resources */,
				1819A8691A1371C8005F24C3 /* StoryboardThree.storyboard in Resources */,
				1819A8671A1371BF005F24C3 /* StoryboardTwo.storyboard in Resources */,
				1819A8131A136DDF005F24C3 /* LaunchScreen.xib in Resources */,
			);
			runOnlyForDeploymentPostprocessing = 0;
		};
		1819A8161A136DDF005F24C3 /* Resources */ = {
			isa = PBXResourcesBuildPhase;
			buildActionMask = 2147483647;
			files = (
			);
			runOnlyForDeploymentPostprocessing = 0;
		};
/* End PBXResourcesBuildPhase section */

/* Begin PBXSourcesBuildPhase section */
		1819A7FF1A136DDF005F24C3 /* Sources */ = {
			isa = PBXSourcesBuildPhase;
			buildActionMask = 2147483647;
			files = (
				18DB03AB1A18819900AFA261 /* ZDSelectionViewController.swift in Sources */,
				18DB03AD1A18819900AFA261 /* ZDFinancialStore.swift in Sources */,
				1819A86B1A137B71005F24C3 /* ZDMyAccounViewController.swift in Sources */,
				18DA99D01A24AD70007FE052 /* ZDCustomer.swift in Sources */,
				18DB03AF1A18819900AFA261 /* ZDNewFinancialTableViewCell.swift in Sources */,
				18DA99D41A24B969007FE052 /* ZDIncomeViewController.swift in Sources */,
				18DB03B01A18819900AFA261 /* ZDOldFinancialTableViewCell.swift in Sources */,
				18E17EDB1A2DF5DC003445DC /* ZDAboutUsTableViewController.swift in Sources */,
				18DB039D1A1841E100AFA261 /* BaseViewController.swift in Sources */,
				18E17ED51A2C9313003445DC /* ZDSettingTableViewController.swift in Sources */,
				183DA2471A14E4A900678E81 /* ZDAccountSecurityTableViewController.swift in Sources */,
				1819A80B1A136DDF005F24C3 /* ZDMainTabbarController.swift in Sources */,
				18DA99C61A245449007FE052 /* ZDWebserviceDataParse.m in Sources */,
				18DA99CD1A24AD05007FE052 /* ZDLoginTableViewController.swift in Sources */,
				18DA99C31A245449007FE052 /* ZDNSURLSession.m in Sources */,
				18E17ED91A2DF1FF003445DC /* ZDCommonSenseViewController.swift in Sources */,
				18DA99C51A245449007FE052 /* ZDWebService.m in Sources */,
				18DB03B71A1883FF00AFA261 /* ZDProduct.swift in Sources */,
				18DB03BF1A18A12300AFA261 /* ZDOfflineApplyViewController.swift in Sources */,
				18DA99D21A24AEAF007FE052 /* ZDLoginStore.swift in Sources */,
				18DA99C41A245449007FE052 /* ZDWebService+URLString.m in Sources */,
				1819A84B1A136EC8005F24C3 /* MBProgressHUD.m in Sources */,
				18DB03AA1A18819900AFA261 /* ZDFinancialTableViewController.swift in Sources */,
				1819A84D1A136EC8005F24C3 /* GSReachability.m in Sources */,
				18DB03C11A18A2DB00AFA261 /* ShowOfflineHeadViewController.swift in Sources */,
				18E17ED71A2C9673003445DC /* ZDQuestionBackViewController.swift in Sources */,
				1819A8091A136DDF005F24C3 /* AppDelegate.swift in Sources */,
				1819A84E1A136EC8005F24C3 /* Reachability.m in Sources */,
				183DA2451A14D81D00678E81 /* ZDAccountTableViewCell.swift in Sources */,
				1819A84C1A136EC8005F24C3 /* NSString+Tony.m in Sources */,
			);
			runOnlyForDeploymentPostprocessing = 0;
		};
		1819A8141A136DDF005F24C3 /* Sources */ = {
			isa = PBXSourcesBuildPhase;
			buildActionMask = 2147483647;
			files = (
				1819A81F1A136DE0005F24C3 /* ThumbSwiftTests.swift in Sources */,
			);
			runOnlyForDeploymentPostprocessing = 0;
		};
/* End PBXSourcesBuildPhase section */

/* Begin PBXTargetDependency section */
		1819A81A1A136DDF005F24C3 /* PBXTargetDependency */ = {
			isa = PBXTargetDependency;
			target = 1819A8021A136DDF005F24C3 /* ThumbSwift */;
			targetProxy = 1819A8191A136DDF005F24C3 /* PBXContainerItemProxy */;
		};
/* End PBXTargetDependency section */

/* Begin PBXVariantGroup section */
		1819A80C1A136DDF005F24C3 /* Main.storyboard */ = {
			isa = PBXVariantGroup;
			children = (
				1819A80D1A136DDF005F24C3 /* Base */,
			);
			name = Main.storyboard;
			sourceTree = "<group>";
		};
		1819A8111A136DDF005F24C3 /* LaunchScreen.xib */ = {
			isa = PBXVariantGroup;
			children = (
				1819A8121A136DDF005F24C3 /* Base */,
			);
			name = LaunchScreen.xib;
			sourceTree = "<group>";
		};
/* End PBXVariantGroup section */

/* Begin XCBuildConfiguration section */
		1819A8201A136DE0005F24C3 /* Debug */ = {
			isa = XCBuildConfiguration;
			buildSettings = {
				ALWAYS_SEARCH_USER_PATHS = NO;
				CLANG_CXX_LANGUAGE_STANDARD = "gnu++0x";
				CLANG_CXX_LIBRARY = "libc++";
				CLANG_ENABLE_MODULES = YES;
				CLANG_ENABLE_OBJC_ARC = YES;
				CLANG_WARN_BOOL_CONVERSION = YES;
				CLANG_WARN_CONSTANT_CONVERSION = YES;
				CLANG_WARN_DIRECT_OBJC_ISA_USAGE = YES_ERROR;
				CLANG_WARN_EMPTY_BODY = YES;
				CLANG_WARN_ENUM_CONVERSION = YES;
				CLANG_WARN_INT_CONVERSION = YES;
				CLANG_WARN_OBJC_ROOT_CLASS = YES_ERROR;
				CLANG_WARN_UNREACHABLE_CODE = YES;
				CLANG_WARN__DUPLICATE_METHOD_MATCH = YES;
				"CODE_SIGN_IDENTITY[sdk=iphoneos*]" = "iPhone Developer";
				COPY_PHASE_STRIP = NO;
				ENABLE_STRICT_OBJC_MSGSEND = YES;
				GCC_C_LANGUAGE_STANDARD = gnu99;
				GCC_DYNAMIC_NO_PIC = NO;
				GCC_OPTIMIZATION_LEVEL = 0;
				GCC_PREPROCESSOR_DEFINITIONS = (
					"DEBUG=1",
					"$(inherited)",
				);
				GCC_SYMBOLS_PRIVATE_EXTERN = NO;
				GCC_WARN_64_TO_32_BIT_CONVERSION = YES;
				GCC_WARN_ABOUT_RETURN_TYPE = YES_ERROR;
				GCC_WARN_UNDECLARED_SELECTOR = YES;
				GCC_WARN_UNINITIALIZED_AUTOS = YES_AGGRESSIVE;
				GCC_WARN_UNUSED_FUNCTION = YES;
				GCC_WARN_UNUSED_VARIABLE = YES;
				IPHONEOS_DEPLOYMENT_TARGET = 8.1;
				MTL_ENABLE_DEBUG_INFO = YES;
				ONLY_ACTIVE_ARCH = YES;
				SDKROOT = iphoneos;
				SWIFT_OPTIMIZATION_LEVEL = "-Onone";
				TARGETED_DEVICE_FAMILY = "1,2";
			};
			name = Debug;
		};
		1819A8211A136DE0005F24C3 /* Release */ = {
			isa = XCBuildConfiguration;
			buildSettings = {
				ALWAYS_SEARCH_USER_PATHS = NO;
				CLANG_CXX_LANGUAGE_STANDARD = "gnu++0x";
				CLANG_CXX_LIBRARY = "libc++";
				CLANG_ENABLE_MODULES = YES;
				CLANG_ENABLE_OBJC_ARC = YES;
				CLANG_WARN_BOOL_CONVERSION = YES;
				CLANG_WARN_CONSTANT_CONVERSION = YES;
				CLANG_WARN_DIRECT_OBJC_ISA_USAGE = YES_ERROR;
				CLANG_WARN_EMPTY_BODY = YES;
				CLANG_WARN_ENUM_CONVERSION = YES;
				CLANG_WARN_INT_CONVERSION = YES;
				CLANG_WARN_OBJC_ROOT_CLASS = YES_ERROR;
				CLANG_WARN_UNREACHABLE_CODE = YES;
				CLANG_WARN__DUPLICATE_METHOD_MATCH = YES;
				"CODE_SIGN_IDENTITY[sdk=iphoneos*]" = "iPhone Developer";
				COPY_PHASE_STRIP = YES;
				ENABLE_NS_ASSERTIONS = NO;
				ENABLE_STRICT_OBJC_MSGSEND = YES;
				GCC_C_LANGUAGE_STANDARD = gnu99;
				GCC_WARN_64_TO_32_BIT_CONVERSION = YES;
				GCC_WARN_ABOUT_RETURN_TYPE = YES_ERROR;
				GCC_WARN_UNDECLARED_SELECTOR = YES;
				GCC_WARN_UNINITIALIZED_AUTOS = YES_AGGRESSIVE;
				GCC_WARN_UNUSED_FUNCTION = YES;
				GCC_WARN_UNUSED_VARIABLE = YES;
				IPHONEOS_DEPLOYMENT_TARGET = 8.1;
				MTL_ENABLE_DEBUG_INFO = NO;
				SDKROOT = iphoneos;
				TARGETED_DEVICE_FAMILY = "1,2";
				VALIDATE_PRODUCT = YES;
			};
			name = Release;
		};
		1819A8231A136DE0005F24C3 /* Debug */ = {
			isa = XCBuildConfiguration;
			buildSettings = {
				ASSETCATALOG_COMPILER_APPICON_NAME = AppIcon;
				CLANG_ENABLE_MODULES = YES;
				CODE_SIGN_IDENTITY = "iPhone Developer";
				"CODE_SIGN_IDENTITY[sdk=iphoneos*]" = "iPhone Developer";
				INFOPLIST_FILE = ThumbSwift/Info.plist;
				LD_RUNPATH_SEARCH_PATHS = "$(inherited) @executable_path/Frameworks";
				PRODUCT_NAME = "$(TARGET_NAME)";
				PROVISIONING_PROFILE = "";
				SWIFT_OBJC_BRIDGING_HEADER = "ThumbSwift/ThumbSwift-Bridging-Header.h";
				SWIFT_OPTIMIZATION_LEVEL = "-Onone";
			};
			name = Debug;
		};
		1819A8241A136DE0005F24C3 /* Release */ = {
			isa = XCBuildConfiguration;
			buildSettings = {
				ASSETCATALOG_COMPILER_APPICON_NAME = AppIcon;
				CLANG_ENABLE_MODULES = YES;
				CODE_SIGN_IDENTITY = "iPhone Developer";
				"CODE_SIGN_IDENTITY[sdk=iphoneos*]" = "iPhone Developer";
				INFOPLIST_FILE = ThumbSwift/Info.plist;
				LD_RUNPATH_SEARCH_PATHS = "$(inherited) @executable_path/Frameworks";
				PRODUCT_NAME = "$(TARGET_NAME)";
				PROVISIONING_PROFILE = "";
				SWIFT_OBJC_BRIDGING_HEADER = "ThumbSwift/ThumbSwift-Bridging-Header.h";
			};
			name = Release;
		};
		1819A8261A136DE0005F24C3 /* Debug */ = {
			isa = XCBuildConfiguration;
			buildSettings = {
				BUNDLE_LOADER = "$(TEST_HOST)";
				FRAMEWORK_SEARCH_PATHS = (
					"$(SDKROOT)/Developer/Library/Frameworks",
					"$(inherited)",
				);
				GCC_PREPROCESSOR_DEFINITIONS = (
					"DEBUG=1",
					"$(inherited)",
				);
				INFOPLIST_FILE = ThumbSwiftTests/Info.plist;
				LD_RUNPATH_SEARCH_PATHS = "$(inherited) @executable_path/Frameworks @loader_path/Frameworks";
				PRODUCT_NAME = "$(TARGET_NAME)";
				TEST_HOST = "$(BUILT_PRODUCTS_DIR)/ThumbSwift.app/ThumbSwift";
			};
			name = Debug;
		};
		1819A8271A136DE0005F24C3 /* Release */ = {
			isa = XCBuildConfiguration;
			buildSettings = {
				BUNDLE_LOADER = "$(TEST_HOST)";
				FRAMEWORK_SEARCH_PATHS = (
					"$(SDKROOT)/Developer/Library/Frameworks",
					"$(inherited)",
				);
				INFOPLIST_FILE = ThumbSwiftTests/Info.plist;
				LD_RUNPATH_SEARCH_PATHS = "$(inherited) @executable_path/Frameworks @loader_path/Frameworks";
				PRODUCT_NAME = "$(TARGET_NAME)";
				TEST_HOST = "$(BUILT_PRODUCTS_DIR)/ThumbSwift.app/ThumbSwift";
			};
			name = Release;
		};
/* End XCBuildConfiguration section */

/* Begin XCConfigurationList section */
		1819A7FE1A136DDF005F24C3 /* Build configuration list for PBXProject "ThumbSwift" */ = {
			isa = XCConfigurationList;
			buildConfigurations = (
				1819A8201A136DE0005F24C3 /* Debug */,
				1819A8211A136DE0005F24C3 /* Release */,
			);
			defaultConfigurationIsVisible = 0;
			defaultConfigurationName = Release;
		};
		1819A8221A136DE0005F24C3 /* Build configuration list for PBXNativeTarget "ThumbSwift" */ = {
			isa = XCConfigurationList;
			buildConfigurations = (
				1819A8231A136DE0005F24C3 /* Debug */,
				1819A8241A136DE0005F24C3 /* Release */,
			);
			defaultConfigurationIsVisible = 0;
			defaultConfigurationName = Release;
		};
		1819A8251A136DE0005F24C3 /* Build configuration list for PBXNativeTarget "ThumbSwiftTests" */ = {
			isa = XCConfigurationList;
			buildConfigurations = (
				1819A8261A136DE0005F24C3 /* Debug */,
				1819A8271A136DE0005F24C3 /* Release */,
			);
			defaultConfigurationIsVisible = 0;
			defaultConfigurationName = Release;
		};
/* End XCConfigurationList section */
	};
	rootObject = 1819A7FB1A136DDF005F24C3 /* Project object */;
}
